
Microsoft Visual Studio Solution File, Format Version 12.00
# Visual Studio Version 17
VisualStudioVersion = 17.1.32210.238
MinimumVisualStudioVersion = 10.0.40219.1
Project("{FAE04EC0-301F-11D3-BF4B-00C04F79EFBC}") = "Tarea de herencia", "Tarea de herencia\Tarea de herencia.csproj", "{DDE02797-0199-4E05-AE23-4EE940865EF3}"
EndProject
Global
	GlobalSection(SolutionConfigurationPlatforms) = preSolution
		Debug|Any CPU = Debug|Any CPU
		Release|Any CPU = Release|Any CPU
	EndGlobalSection
	GlobalSection(ProjectConfigurationPlatforms) = postSolution
		{DDE02797-0199-4E05-AE23-4EE940865EF3}.Debug|Any CPU.ActiveCfg = Debug|Any CPU
		{DDE02797-0199-4E05-AE23-4EE940865EF3}.Debug|Any CPU.Build.0 = Debug|Any CPU
		{DDE02797-0199-4E05-AE23-4EE940865EF3}.Release|Any CPU.ActiveCfg = Release|Any CPU
		{DDE02797-0199-4E05-AE23-4EE940865EF3}.Release|Any CPU.Build.0 = Release|Any CPU
	EndGlobalSection
	GlobalSection(SolutionProperties) = preSolution
		HideSolutionNode = FALSE
	EndGlobalSection
	GlobalSection(ExtensibilityGlobals) = postSolution
		SolutionGuid = {D62CB24F-3891-4D2E-AFFA-41C21C05B2F9}
	EndGlobalSection
EndGlobal
